
Microsoft Visual Studio Solution File, Format Version 12.00
# Visual Studio Version 17
VisualStudioVersion = 17.11.35303.130
MinimumVisualStudioVersion = 10.0.40219.1
Project("{FAE04EC0-301F-11D3-BF4B-00C04F79EFBC}") = "Bai4_VuDinhLam_1721030651", "Bai4_VuDinhLam_1721030651\Bai4_VuDinhLam_1721030651.csproj", "{D3AD84B8-EE32-4947-9ABD-08469B356E68}"
EndProject
Global
	GlobalSection(SolutionConfigurationPlatforms) = preSolution
		Debug|Any CPU = Debug|Any CPU
		Release|Any CPU = Release|Any CPU
	EndGlobalSection
	GlobalSection(ProjectConfigurationPlatforms) = postSolution
		{D3AD84B8-EE32-4947-9ABD-08469B356E68}.Debug|Any CPU.ActiveCfg = Debug|Any CPU
		{D3AD84B8-EE32-4947-9ABD-08469B356E68}.Debug|Any CPU.Build.0 = Debug|Any CPU
		{D3AD84B8-EE32-4947-9ABD-08469B356E68}.Release|Any CPU.ActiveCfg = Release|Any CPU
		{D3AD84B8-EE32-4947-9ABD-08469B356E68}.Release|Any CPU.Build.0 = Release|Any CPU
	EndGlobalSection
	GlobalSection(SolutionProperties) = preSolution
		HideSolutionNode = FALSE
	EndGlobalSection
	GlobalSection(ExtensibilityGlobals) = postSolution
		SolutionGuid = {548457FF-52CD-49CE-AEA4-296459593B82}
	EndGlobalSection
EndGlobal
